// !$*UTF8*$!
{
	archiveVersion = 1;
	classes = {
	};
	objectVersion = 48;
	objects = {

/* Begin PBXBuildFile section */
		CD2494B61FCAE85E001E0CF1 /* HomeViewController.swift in Sources */ = {isa = PBXBuildFile; fileRef = CD2494B51FCAE85E001E0CF1 /* HomeViewController.swift */; };
		CD2494B81FCAE8C2001E0CF1 /* README.md in Resources */ = {isa = PBXBuildFile; fileRef = CD2494B71FCAE8C2001E0CF1 /* README.md */; };
		CD68647E1FCACE61005F8D74 /* AppDelegate.swift in Sources */ = {isa = PBXBuildFile; fileRef = CD68647D1FCACE61005F8D74 /* AppDelegate.swift */; };
		CD6864831FCACE61005F8D74 /* Main.storyboard in Resources */ = {isa = PBXBuildFile; fileRef = CD6864811FCACE61005F8D74 /* Main.storyboard */; };
		CD6864851FCACE61005F8D74 /* Assets.xcassets in Resources */ = {isa = PBXBuildFile; fileRef = CD6864841FCACE61005F8D74 /* Assets.xcassets */; };
		CDF14C8D1FCAD5B200A38D41 /* ShopCollectionViewCell.swift in Sources */ = {isa = PBXBuildFile; fileRef = CDF14C8B1FCAD5B200A38D41 /* ShopCollectionViewCell.swift */; };
		CDF14C8E1FCAD5B200A38D41 /* ShopCollectionViewCell.xib in Resources */ = {isa = PBXBuildFile; fileRef = CDF14C8C1FCAD5B200A38D41 /* ShopCollectionViewCell.xib */; };
		CDF14C911FCAD5CD00A38D41 /* ShopTableViewCell.swift in Sources */ = {isa = PBXBuildFile; fileRef = CDF14C8F1FCAD5CD00A38D41 /* ShopTableViewCell.swift */; };
		CDF14C921FCAD5CD00A38D41 /* ShopTableViewCell.xib in Resources */ = {isa = PBXBuildFile; fileRef = CDF14C901FCAD5CD00A38D41 /* ShopTableViewCell.xib */; };
/* End PBXBuildFile section */

/* Begin PBXContainerItemProxy section */
		CD68648F1FCACE62005F8D74 /* PBXContainerItemProxy */ = {
			isa = PBXContainerItemProxy;
			containerPortal = CD6864721FCACE61005F8D74 /* Project object */;
			proxyType = 1;
			remoteGlobalIDString = CD6864791FCACE61005F8D74;
			remoteInfo = testInstaLikeApp;
		};
		CD68649A1FCACE62005F8D74 /* PBXContainerItemProxy */ = {
			isa = PBXContainerItemProxy;
			containerPortal = CD6864721FCACE61005F8D74 /* Project object */;
			proxyType = 1;
			remoteGlobalIDString = CD6864791FCACE61005F8D74;
			remoteInfo = testInstaLikeApp;
		};
/* End PBXContainerItemProxy section */

/* Begin PBXFileReference section */
		CD2494B51FCAE85E001E0CF1 /* HomeViewController.swift */ = {isa = PBXFileReference; fileEncoding = 4; lastKnownFileType = sourcecode.swift; path = HomeViewController.swift; sourceTree = "<group>"; };
		CD2494B71FCAE8C2001E0CF1 /* README.md */ = {isa = PBXFileReference; fileEncoding = 4; lastKnownFileType = net.daringfireball.markdown; path = README.md; sourceTree = "<group>"; };
		CD68647A1FCACE61005F8D74 /* testInstaLikeApp.app */ = {isa = PBXFileReference; explicitFileType = wrapper.application; includeInIndex = 0; path = testInstaLikeApp.app; sourceTree = BUILT_PRODUCTS_DIR; };
		CD68647D1FCACE61005F8D74 /* AppDelegate.swift */ = {isa = PBXFileReference; lastKnownFileType = sourcecode.swift; path = AppDelegate.swift; sourceTree = "<group>"; };
		CD6864821FCACE61005F8D74 /* Base */ = {isa = PBXFileReference; lastKnownFileType = file.storyboard; name = Base; path = Base.lproj/Main.storyboard; sourceTree = "<group>"; };
		CD6864841FCACE61005F8D74 /* Assets.xcassets */ = {isa = PBXFileReference; lastKnownFileType = folder.assetcatalog; path = Assets.xcassets; sourceTree = "<group>"; };
		CD6864891FCACE61005F8D74 /* Info.plist */ = {isa = PBXFileReference; lastKnownFileType = text.plist.xml; path = Info.plist; sourceTree = "<group>"; };
		CD68648E1FCACE62005F8D74 /* testInstaLikeAppTests.xctest */ = {isa = PBXFileReference; explicitFileType = wrapper.cfbundle; includeInIndex = 0; path = testInstaLikeAppTests.xctest; sourceTree = BUILT_PRODUCTS_DIR; };
		CD6864991FCACE62005F8D74 /* testInstaLikeAppUITests.xctest */ = {isa = PBXFileReference; explicitFileType = wrapper.cfbundle; includeInIndex = 0; path = testInstaLikeAppUITests.xctest; sourceTree = BUILT_PRODUCTS_DIR; };
		CDF14C8B1FCAD5B200A38D41 /* ShopCollectionViewCell.swift */ = {isa = PBXFileReference; lastKnownFileType = sourcecode.swift; path = ShopCollectionViewCell.swift; sourceTree = "<group>"; };
		CDF14C8C1FCAD5B200A38D41 /* ShopCollectionViewCell.xib */ = {isa = PBXFileReference; lastKnownFileType = file.xib; path = ShopCollectionViewCell.xib; sourceTree = "<group>"; };
		CDF14C8F1FCAD5CD00A38D41 /* ShopTableViewCell.swift */ = {isa = PBXFileReference; lastKnownFileType = sourcecode.swift; path = ShopTableViewCell.swift; sourceTree = "<group>"; };
		CDF14C901FCAD5CD00A38D41 /* ShopTableViewCell.xib */ = {isa = PBXFileReference; lastKnownFileType = file.xib; path = ShopTableViewCell.xib; sourceTree = "<group>"; };
/* End PBXFileReference section */

/* Begin PBXFrameworksBuildPhase section */
		CD6864771FCACE61005F8D74 /* Frameworks */ = {
			isa = PBXFrameworksBuildPhase;
			buildActionMask = 2147483647;
			files = (
			);
			runOnlyForDeploymentPostprocessing = 0;
		};
		CD68648B1FCACE62005F8D74 /* Frameworks */ = {
			isa = PBXFrameworksBuildPhase;
			buildActionMask = 2147483647;
			files = (
			);
			runOnlyForDeploymentPostprocessing = 0;
		};
		CD6864961FCACE62005F8D74 /* Frameworks */ = {
			isa = PBXFrameworksBuildPhase;
			buildActionMask = 2147483647;
			files = (
			);
			runOnlyForDeploymentPostprocessing = 0;
		};
/* End PBXFrameworksBuildPhase section */

/* Begin PBXGroup section */
		CD6864711FCACE61005F8D74 = {
			isa = PBXGroup;
			children = (
				CD2494B71FCAE8C2001E0CF1 /* README.md */,
				CD68647C1FCACE61005F8D74 /* testInstaLikeApp */,
				CD68647B1FCACE61005F8D74 /* Products */,
			);
			sourceTree = "<group>";
		};
		CD68647B1FCACE61005F8D74 /* Products */ = {
			isa = PBXGroup;
			children = (
				CD68647A1FCACE61005F8D74 /* testInstaLikeApp.app */,
				CD68648E1FCACE62005F8D74 /* testInstaLikeAppTests.xctest */,
				CD6864991FCACE62005F8D74 /* testInstaLikeAppUITests.xctest */,
			);
			name = Products;
			sourceTree = "<group>";
		};
		CD68647C1FCACE61005F8D74 /* testInstaLikeApp */ = {
			isa = PBXGroup;
			children = (
				CD68647D1FCACE61005F8D74 /* AppDelegate.swift */,
				CD6864811FCACE61005F8D74 /* Main.storyboard */,
				CD2494B51FCAE85E001E0CF1 /* HomeViewController.swift */,
				CD6864841FCACE61005F8D74 /* Assets.xcassets */,
				CD6864891FCACE61005F8D74 /* Info.plist */,
				CDF14C8B1FCAD5B200A38D41 /* ShopCollectionViewCell.swift */,
				CDF14C8C1FCAD5B200A38D41 /* ShopCollectionViewCell.xib */,
				CDF14C8F1FCAD5CD00A38D41 /* ShopTableViewCell.swift */,
				CDF14C901FCAD5CD00A38D41 /* ShopTableViewCell.xib */,
			);
			path = testInstaLikeApp;
			sourceTree = "<group>";
		};
/* End PBXGroup section */

/* Begin PBXNativeTarget section */
		CD6864791FCACE61005F8D74 /* testInstaLikeApp */ = {
			isa = PBXNativeTarget;
			buildConfigurationList = CD6864A21FCACE62005F8D74 /* Build configuration list for PBXNativeTarget "testInstaLikeApp" */;
			buildPhases = (
				CD6864761FCACE61005F8D74 /* Sources */,
				CD6864771FCACE61005F8D74 /* Frameworks */,
				CD6864781FCACE61005F8D74 /* Resources */,
			);
			buildRules = (
			);
			dependencies = (
			);
			name = testInstaLikeApp;
			productName = testInstaLikeApp;
			productReference = CD68647A1FCACE61005F8D74 /* testInstaLikeApp.app */;
			productType = "com.apple.product-type.application";
		};
		CD68648D1FCACE62005F8D74 /* testInstaLikeAppTests */ = {
			isa = PBXNativeTarget;
			buildConfigurationList = CD6864A51FCACE62005F8D74 /* Build configuration list for PBXNativeTarget "testInstaLikeAppTests" */;
			buildPhases = (
				CD68648A1FCACE62005F8D74 /* Sources */,
				CD68648B1FCACE62005F8D74 /* Frameworks */,
				CD68648C1FCACE62005F8D74 /* Resources */,
			);
			buildRules = (
			);
			dependencies = (
				CD6864901FCACE62005F8D74 /* PBXTargetDependency */,
			);
			name = testInstaLikeAppTests;
			productName = testInstaLikeAppTests;
			productReference = CD68648E1FCACE62005F8D74 /* testInstaLikeAppTests.xctest */;
			productType = "com.apple.product-type.bundle.unit-test";
		};
		CD6864981FCACE62005F8D74 /* testInstaLikeAppUITests */ = {
			isa = PBXNativeTarget;
			buildConfigurationList = CD6864A81FCACE62005F8D74 /* Build configuration list for PBXNativeTarget "testInstaLikeAppUITests" */;
			buildPhases = (
				CD6864951FCACE62005F8D74 /* Sources */,
				CD6864961FCACE62005F8D74 /* Frameworks */,
				CD6864971FCACE62005F8D74 /* Resources */,
			);
			buildRules = (
			);
			dependencies = (
				CD68649B1FCACE62005F8D74 /* PBXTargetDependency */,
			);
			name = testInstaLikeAppUITests;
			productName = testInstaLikeAppUITests;
			productReference = CD6864991FCACE62005F8D74 /* testInstaLikeAppUITests.xctest */;
			productType = "com.apple.product-type.bundle.ui-testing";
		};
/* End PBXNativeTarget section */

/* Begin PBXProject section */
		CD6864721FCACE61005F8D74 /* Project object */ = {
			isa = PBXProject;
			attributes = {
				LastSwiftUpdateCheck = 0910;
				LastUpgradeCheck = 0910;
				ORGANIZATIONNAME = Fukumoto;
				TargetAttributes = {
					CD6864791FCACE61005F8D74 = {
						CreatedOnToolsVersion = 9.1;
						ProvisioningStyle = Automatic;
					};
					CD68648D1FCACE62005F8D74 = {
						CreatedOnToolsVersion = 9.1;
						ProvisioningStyle = Automatic;
						TestTargetID = CD6864791FCACE61005F8D74;
					};
					CD6864981FCACE62005F8D74 = {
						CreatedOnToolsVersion = 9.1;
						ProvisioningStyle = Automatic;
						TestTargetID = CD6864791FCACE61005F8D74;
					};
				};
			};
			buildConfigurationList = CD6864751FCACE61005F8D74 /* Build configuration list for PBXProject "testInstaLikeApp" */;
			compatibilityVersion = "Xcode 8.0";
			developmentRegion = en;
			hasScannedForEncodings = 0;
			knownRegions = (
				en,
				Base,
			);
			mainGroup = CD6864711FCACE61005F8D74;
			productRefGroup = CD68647B1FCACE61005F8D74 /* Products */;
			projectDirPath = "";
			projectRoot = "";
			targets = (
				CD6864791FCACE61005F8D74 /* testInstaLikeApp */,
				CD68648D1FCACE62005F8D74 /* testInstaLikeAppTests */,
				CD6864981FCACE62005F8D74 /* testInstaLikeAppUITests */,
			);
		};
/* End PBXProject section */

/* Begin PBXResourcesBuildPhase section */
		CD6864781FCACE61005F8D74 /* Resources */ = {
			isa = PBXResourcesBuildPhase;
			buildActionMask = 2147483647;
			files = (
				CDF14C8E1FCAD5B200A38D41 /* ShopCollectionViewCell.xib in Resources */,
				CD6864851FCACE61005F8D74 /* Assets.xcassets in Resources */,
				CD2494B81FCAE8C2001E0CF1 /* README.md in Resources */,
				CDF14C921FCAD5CD00A38D41 /* ShopTableViewCell.xib in Resources */,
				CD6864831FCACE61005F8D74 /* Main.storyboard in Resources */,
			);
			runOnlyForDeploymentPostprocessing = 0;
		};
		CD68648C1FCACE62005F8D74 /* Resources */ = {
			isa = PBXResourcesBuildPhase;
			buildActionMask = 2147483647;
			files = (
			);
			runOnlyForDeploymentPostprocessing = 0;
		};
		CD6864971FCACE62005F8D74 /* Resources */ = {
			isa = PBXResourcesBuildPhase;
			buildActionMask = 2147483647;
			files = (
			);
			runOnlyForDeploymentPostprocessing = 0;
		};
/* End PBXResourcesBuildPhase section */

/* Begin PBXSourcesBuildPhase section */
		CD6864761FCACE61005F8D74 /* Sources */ = {
			isa = PBXSourcesBuildPhase;
			buildActionMask = 2147483647;
			files = (
				CDF14C8D1FCAD5B200A38D41 /* ShopCollectionViewCell.swift in Sources */,
				CD68647E1FCACE61005F8D74 /* AppDelegate.swift in Sources */,
				CDF14C911FCAD5CD00A38D41 /* ShopTableViewCell.swift in Sources */,
				CD2494B61FCAE85E001E0CF1 /* HomeViewController.swift in Sources */,
			);
			runOnlyForDeploymentPostprocessing = 0;
		};
		CD68648A1FCACE62005F8D74 /* Sources */ = {
			isa = PBXSourcesBuildPhase;
			buildActionMask = 2147483647;
			files = (
			);
			runOnlyForDeploymentPostprocessing = 0;
		};
		CD6864951FCACE62005F8D74 /* Sources */ = {
			isa = PBXSourcesBuildPhase;
			buildActionMask = 2147483647;
			files = (
			);
			runOnlyForDeploymentPostprocessing = 0;
		};
/* End PBXSourcesBuildPhase section */

/* Begin PBXTargetDependency section */
		CD6864901FCACE62005F8D74 /* PBXTargetDependency */ = {
			isa = PBXTargetDependency;
			target = CD6864791FCACE61005F8D74 /* testInstaLikeApp */;
			targetProxy = CD68648F1FCACE62005F8D74 /* PBXContainerItemProxy */;
		};
		CD68649B1FCACE62005F8D74 /* PBXTargetDependency */ = {
			isa = PBXTargetDependency;
			target = CD6864791FCACE61005F8D74 /* testInstaLikeApp */;
			targetProxy = CD68649A1FCACE62005F8D74 /* PBXContainerItemProxy */;
		};
/* End PBXTargetDependency section */

/* Begin PBXVariantGroup section */
		CD6864811FCACE61005F8D74 /* Main.storyboard */ = {
			isa = PBXVariantGroup;
			children = (
				CD6864821FCACE61005F8D74 /* Base */,
			);
			name = Main.storyboard;
			sourceTree = "<group>";
		};
/* End PBXVariantGroup section */

/* Begin XCBuildConfiguration section */
		CD6864A01FCACE62005F8D74 /* Debug */ = {
			isa = XCBuildConfiguration;
			buildSettings = {
				ALWAYS_SEARCH_USER_PATHS = NO;
				CLANG_ANALYZER_NONNULL = YES;
				CLANG_ANALYZER_NUMBER_OBJECT_CONVERSION = YES_AGGRESSIVE;
				CLANG_CXX_LANGUAGE_STANDARD = "gnu++14";
				CLANG_CXX_LIBRARY = "libc++";
				CLANG_ENABLE_MODULES = YES;
				CLANG_ENABLE_OBJC_ARC = YES;
				CLANG_WARN_BLOCK_CAPTURE_AUTORELEASING = YES;
				CLANG_WARN_BOOL_CONVERSION = YES;
				CLANG_WARN_COMMA = YES;
				CLANG_WARN_CONSTANT_CONVERSION = YES;
				CLANG_WARN_DIRECT_OBJC_ISA_USAGE = YES_ERROR;
				CLANG_WARN_DOCUMENTATION_COMMENTS = YES;
				CLANG_WARN_EMPTY_BODY = YES;
				CLANG_WARN_ENUM_CONVERSION = YES;
				CLANG_WARN_INFINITE_RECURSION = YES;
				CLANG_WARN_INT_CONVERSION = YES;
				CLANG_WARN_NON_LITERAL_NULL_CONVERSION = YES;
				CLANG_WARN_OBJC_LITERAL_CONVERSION = YES;
				CLANG_WARN_OBJC_ROOT_CLASS = YES_ERROR;
				CLANG_WARN_RANGE_LOOP_ANALYSIS = YES;
				CLANG_WARN_STRICT_PROTOTYPES = YES;
				CLANG_WARN_SUSPICIOUS_MOVE = YES;
				CLANG_WARN_UNGUARDED_AVAILABILITY = YES_AGGRESSIVE;
				CLANG_WARN_UNREACHABLE_CODE = YES;
				CLANG_WARN__DUPLICATE_METHOD_MATCH = YES;
				CODE_SIGN_IDENTITY = "iPhone Developer";
				COPY_PHASE_STRIP = NO;
				DEBUG_INFORMATION_FORMAT = dwarf;
				ENABLE_STRICT_OBJC_MSGSEND = YES;
				ENABLE_TESTABILITY = YES;
				GCC_C_LANGUAGE_STANDARD = gnu11;
				GCC_DYNAMIC_NO_PIC = NO;
				GCC_NO_COMMON_BLOCKS = YES;
				GCC_OPTIMIZATION_LEVEL = 0;
				GCC_PREPROCESSOR_DEFINITIONS = (
					"DEBUG=1",
					"$(inherited)",
				);
				GCC_WARN_64_TO_32_BIT_CONVERSION = YES;
				GCC_WARN_ABOUT_RETURN_TYPE = YES_ERROR;
				GCC_WARN_UNDECLARED_SELECTOR = YES;
				GCC_WARN_UNINITIALIZED_AUTOS = YES_AGGRESSIVE;
				GCC_WARN_UNUSED_FUNCTION = YES;
				GCC_WARN_UNUSED_VARIABLE = YES;
				IPHONEOS_DEPLOYMENT_TARGET = 11.1;
				MTL_ENABLE_DEBUG_INFO = YES;
				ONLY_ACTIVE_ARCH = YES;
				SDKROOT = iphoneos;
				SWIFT_ACTIVE_COMPILATION_CONDITIONS = DEBUG;
				SWIFT_OPTIMIZATION_LEVEL = "-Onone";
			};
			name = Debug;
		};
		CD6864A11FCACE62005F8D74 /* Release */ = {
			isa = XCBuildConfiguration;
			buildSettings = {
				ALWAYS_SEARCH_USER_PATHS = NO;
				CLANG_ANALYZER_NONNULL = YES;
				CLANG_ANALYZER_NUMBER_OBJECT_CONVERSION = YES_AGGRESSIVE;
				CLANG_CXX_LANGUAGE_STANDARD = "gnu++14";
				CLANG_CXX_LIBRARY = "libc++";
				CLANG_ENABLE_MODULES = YES;
				CLANG_ENABLE_OBJC_ARC = YES;
				CLANG_WARN_BLOCK_CAPTURE_AUTORELEASING = YES;
				CLANG_WARN_BOOL_CONVERSION = YES;
				CLANG_WARN_COMMA = YES;
				CLANG_WARN_CONSTANT_CONVERSION = YES;
				CLANG_WARN_DIRECT_OBJC_ISA_USAGE = YES_ERROR;
				CLANG_WARN_DOCUMENTATION_COMMENTS = YES;
				CLANG_WARN_EMPTY_BODY = YES;
				CLANG_WARN_ENUM_CONVERSION = YES;
				CLANG_WARN_INFINITE_RECURSION = YES;
				CLANG_WARN_INT_CONVERSION = YES;
				CLANG_WARN_NON_LITERAL_NULL_CONVERSION = YES;
				CLANG_WARN_OBJC_LITERAL_CONVERSION = YES;
				CLANG_WARN_OBJC_ROOT_CLASS = YES_ERROR;
				CLANG_WARN_RANGE_LOOP_ANALYSIS = YES;
				CLANG_WARN_STRICT_PROTOTYPES = YES;
				CLANG_WARN_SUSPICIOUS_MOVE = YES;
				CLANG_WARN_UNGUARDED_AVAILABILITY = YES_AGGRESSIVE;
				CLANG_WARN_UNREACHABLE_CODE = YES;
				CLANG_WARN__DUPLICATE_METHOD_MATCH = YES;
				CODE_SIGN_IDENTITY = "iPhone Developer";
				COPY_PHASE_STRIP = NO;
				DEBUG_INFORMATION_FORMAT = "dwarf-with-dsym";
				ENABLE_NS_ASSERTIONS = NO;
				ENABLE_STRICT_OBJC_MSGSEND = YES;
				GCC_C_LANGUAGE_STANDARD = gnu11;
				GCC_NO_COMMON_BLOCKS = YES;
				GCC_WARN_64_TO_32_BIT_CONVERSION = YES;
				GCC_WARN_ABOUT_RETURN_TYPE = YES_ERROR;
				GCC_WARN_UNDECLARED_SELECTOR = YES;
				GCC_WARN_UNINITIALIZED_AUTOS = YES_AGGRESSIVE;
				GCC_WARN_UNUSED_FUNCTION = YES;
				GCC_WARN_UNUSED_VARIABLE = YES;
				IPHONEOS_DEPLOYMENT_TARGET = 11.1;
				MTL_ENABLE_DEBUG_INFO = NO;
				SDKROOT = iphoneos;
				SWIFT_OPTIMIZATION_LEVEL = "-Owholemodule";
				VALIDATE_PRODUCT = YES;
			};
			name = Release;
		};
		CD6864A31FCACE62005F8D74 /* Debug */ = {
			isa = XCBuildConfiguration;
			buildSettings = {
				ASSETCATALOG_COMPILER_APPICON_NAME = AppIcon;
				CODE_SIGN_STYLE = Automatic;
				DEVELOPMENT_TEAM = 54W94R3CHW;
				INFOPLIST_FILE = testInstaLikeApp/Info.plist;
				LD_RUNPATH_SEARCH_PATHS = "$(inherited) @executable_path/Frameworks";
				PRODUCT_BUNDLE_IDENTIFIER = fukumoto.testInstaLikeApp;
				PRODUCT_NAME = "$(TARGET_NAME)";
				SWIFT_VERSION = 4.0;
				TARGETED_DEVICE_FAMILY = "1,2";
			};
			name = Debug;
		};
		CD6864A41FCACE62005F8D74 /* Release */ = {
			isa = XCBuildConfiguration;
			buildSettings = {
				ASSETCATALOG_COMPILER_APPICON_NAME = AppIcon;
				CODE_SIGN_STYLE = Automatic;
				DEVELOPMENT_TEAM = 54W94R3CHW;
				INFOPLIST_FILE = testInstaLikeApp/Info.plist;
				LD_RUNPATH_SEARCH_PATHS = "$(inherited) @executable_path/Frameworks";
				PRODUCT_BUNDLE_IDENTIFIER = fukumoto.testInstaLikeApp;
				PRODUCT_NAME = "$(TARGET_NAME)";
				SWIFT_VERSION = 4.0;
				TARGETED_DEVICE_FAMILY = "1,2";
			};
			name = Release;
		};
		CD6864A61FCACE62005F8D74 /* Debug */ = {
			isa = XCBuildConfiguration;
			buildSettings = {
				ALWAYS_EMBED_SWIFT_STANDARD_LIBRARIES = YES;
				BUNDLE_LOADER = "$(TEST_HOST)";
				CODE_SIGN_STYLE = Automatic;
				DEVELOPMENT_TEAM = 54W94R3CHW;
				INFOPLIST_FILE = testInstaLikeAppTests/Info.plist;
				LD_RUNPATH_SEARCH_PATHS = "$(inherited) @executable_path/Frameworks @loader_path/Frameworks";
				PRODUCT_BUNDLE_IDENTIFIER = fukumoto.testInstaLikeAppTests;
				PRODUCT_NAME = "$(TARGET_NAME)";
				SWIFT_VERSION = 4.0;
				TARGETED_DEVICE_FAMILY = "1,2";
				TEST_HOST = "$(BUILT_PRODUCTS_DIR)/testInstaLikeApp.app/testInstaLikeApp";
			};
			name = Debug;
		};
		CD6864A71FCACE62005F8D74 /* Release */ = {
			isa = XCBuildConfiguration;
			buildSettings = {
				ALWAYS_EMBED_SWIFT_STANDARD_LIBRARIES = YES;
				BUNDLE_LOADER = "$(TEST_HOST)";
				CODE_SIGN_STYLE = Automatic;
				DEVELOPMENT_TEAM = 54W94R3CHW;
				INFOPLIST_FILE = testInstaLikeAppTests/Info.plist;
				LD_RUNPATH_SEARCH_PATHS = "$(inherited) @executable_path/Frameworks @loader_path/Frameworks";
				PRODUCT_BUNDLE_IDENTIFIER = fukumoto.testInstaLikeAppTests;
				PRODUCT_NAME = "$(TARGET_NAME)";
				SWIFT_VERSION = 4.0;
				TARGETED_DEVICE_FAMILY = "1,2";
				TEST_HOST = "$(BUILT_PRODUCTS_DIR)/testInstaLikeApp.app/testInstaLikeApp";
			};
			name = Release;
		};
		CD6864A91FCACE62005F8D74 /* Debug */ = {
			isa = XCBuildConfiguration;
			buildSettings = {
				ALWAYS_EMBED_SWIFT_STANDARD_LIBRARIES = YES;
				CODE_SIGN_STYLE = Automatic;
				DEVELOPMENT_TEAM = 54W94R3CHW;
				INFOPLIST_FILE = testInstaLikeAppUITests/Info.plist;
				LD_RUNPATH_SEARCH_PATHS = "$(inherited) @executable_path/Frameworks @loader_path/Frameworks";
				PRODUCT_BUNDLE_IDENTIFIER = fukumoto.testInstaLikeAppUITests;
				PRODUCT_NAME = "$(TARGET_NAME)";
				SWIFT_VERSION = 4.0;
				TARGETED_DEVICE_FAMILY = "1,2";
				TEST_TARGET_NAME = testInstaLikeApp;
			};
			name = Debug;
		};
		CD6864AA1FCACE62005F8D74 /* Release */ = {
			isa = XCBuildConfiguration;
			buildSettings = {
				ALWAYS_EMBED_SWIFT_STANDARD_LIBRARIES = YES;
				CODE_SIGN_STYLE = Automatic;
				DEVELOPMENT_TEAM = 54W94R3CHW;
				INFOPLIST_FILE = testInstaLikeAppUITests/Info.plist;
				LD_RUNPATH_SEARCH_PATHS = "$(inherited) @executable_path/Frameworks @loader_path/Frameworks";
				PRODUCT_BUNDLE_IDENTIFIER = fukumoto.testInstaLikeAppUITests;
				PRODUCT_NAME = "$(TARGET_NAME)";
				SWIFT_VERSION = 4.0;
				TARGETED_DEVICE_FAMILY = "1,2";
				TEST_TARGET_NAME = testInstaLikeApp;
			};
			name = Release;
		};
/* End XCBuildConfiguration section */

/* Begin XCConfigurationList section */
		CD6864751FCACE61005F8D74 /* Build configuration list for PBXProject "testInstaLikeApp" */ = {
			isa = XCConfigurationList;
			buildConfigurations = (
				CD6864A01FCACE62005F8D74 /* Debug */,
				CD6864A11FCACE62005F8D74 /* Release */,
			);
			defaultConfigurationIsVisible = 0;
			defaultConfigurationName = Release;
		};
		CD6864A21FCACE62005F8D74 /* Build configuration list for PBXNativeTarget "testInstaLikeApp" */ = {
			isa = XCConfigurationList;
			buildConfigurations = (
				CD6864A31FCACE62005F8D74 /* Debug */,
				CD6864A41FCACE62005F8D74 /* Release */,
			);
			defaultConfigurationIsVisible = 0;
			defaultConfigurationName = Release;
		};
		CD6864A51FCACE62005F8D74 /* Build configuration list for PBXNativeTarget "testInstaLikeAppTests" */ = {
			isa = XCConfigurationList;
			buildConfigurations = (
				CD6864A61FCACE62005F8D74 /* Debug */,
				CD6864A71FCACE62005F8D74 /* Release */,
			);
			defaultConfigurationIsVisible = 0;
			defaultConfigurationName = Release;
		};
		CD6864A81FCACE62005F8D74 /* Build configuration list for PBXNativeTarget "testInstaLikeAppUITests" */ = {
			isa = XCConfigurationList;
			buildConfigurations = (
				CD6864A91FCACE62005F8D74 /* Debug */,
				CD6864AA1FCACE62005F8D74 /* Release */,
			);
			defaultConfigurationIsVisible = 0;
			defaultConfigurationName = Release;
		};
/* End XCConfigurationList section */
	};
	rootObject = CD6864721FCACE61005F8D74 /* Project object */;
}
